
Microsoft Visual Studio Solution File, Format Version 12.00
# Visual Studio 2012
Project("{F2A71F9B-5D33-465A-A702-920D77279786}") = "SqlProvider", "SqlProvider\SqlProvider.fsproj", "{19C259F4-7EDE-45D8-B999-6E2B3F6E45CE}"
EndProject
Global
	GlobalSection(SolutionConfigurationPlatforms) = preSolution
		Debug|Any CPU = Debug|Any CPU
		Release|Any CPU = Release|Any CPU
	EndGlobalSection
	GlobalSection(ProjectConfigurationPlatforms) = postSolution
		{19C259F4-7EDE-45D8-B999-6E2B3F6E45CE}.Debug|Any CPU.ActiveCfg = Debug|Any CPU
		{19C259F4-7EDE-45D8-B999-6E2B3F6E45CE}.Debug|Any CPU.Build.0 = Debug|Any CPU
		{19C259F4-7EDE-45D8-B999-6E2B3F6E45CE}.Release|Any CPU.ActiveCfg = Release|Any CPU
		{19C259F4-7EDE-45D8-B999-6E2B3F6E45CE}.Release|Any CPU.Build.0 = Release|Any CPU
	EndGlobalSection
	GlobalSection(SolutionProperties) = preSolution
		HideSolutionNode = FALSE
	EndGlobalSection
EndGlobal
